// !$*UTF8*$!
{
	archiveVersion = 1;
	classes = {
	};
	objectVersion = 50;
	objects = {

/* Begin PBXBuildFile section */
		B7295744261DD1BD007DC14C /* WaveTextAnimatableModifier.swift in Sources */ = {isa = PBXBuildFile; fileRef = B7295743261DD1BD007DC14C /* WaveTextAnimatableModifier.swift */; };
		B7295745261DD1BD007DC14C /* WaveTextAnimatableModifier.swift in Sources */ = {isa = PBXBuildFile; fileRef = B7295743261DD1BD007DC14C /* WaveTextAnimatableModifier.swift */; };
		B729577D261DE837007DC14C /* WaveText.swift in Sources */ = {isa = PBXBuildFile; fileRef = B729577C261DE837007DC14C /* WaveText.swift */; };
		B729577E261DE837007DC14C /* WaveText.swift in Sources */ = {isa = PBXBuildFile; fileRef = B729577C261DE837007DC14C /* WaveText.swift */; };
		B73DD76B2621B20200B130B6 /* ButtonStyle1.swift in Sources */ = {isa = PBXBuildFile; fileRef = B73DD76A2621B20200B130B6 /* ButtonStyle1.swift */; };
		B73DD76C2621B20200B130B6 /* ButtonStyle1.swift in Sources */ = {isa = PBXBuildFile; fileRef = B73DD76A2621B20200B130B6 /* ButtonStyle1.swift */; };
		B73FA4952627C35800A0BF58 /* WaveView.swift in Sources */ = {isa = PBXBuildFile; fileRef = B73FA4942627C35800A0BF58 /* WaveView.swift */; };
		B73FA4962627C35800A0BF58 /* WaveView.swift in Sources */ = {isa = PBXBuildFile; fileRef = B73FA4942627C35800A0BF58 /* WaveView.swift */; };
		B73FA49E2627C35D00A0BF58 /* WaveData.swift in Sources */ = {isa = PBXBuildFile; fileRef = B73FA49D2627C35D00A0BF58 /* WaveData.swift */; };
		B73FA49F2627C35D00A0BF58 /* WaveData.swift in Sources */ = {isa = PBXBuildFile; fileRef = B73FA49D2627C35D00A0BF58 /* WaveData.swift */; };
		B73FA4A02627C35D00A0BF58 /* WaveData.swift in Sources */ = {isa = PBXBuildFile; fileRef = B73FA49D2627C35D00A0BF58 /* WaveData.swift */; };
		B73FA4AC2627C36700A0BF58 /* Wave.swift in Sources */ = {isa = PBXBuildFile; fileRef = B73FA4AB2627C36700A0BF58 /* Wave.swift */; };
		B73FA4AD2627C36700A0BF58 /* Wave.swift in Sources */ = {isa = PBXBuildFile; fileRef = B73FA4AB2627C36700A0BF58 /* Wave.swift */; };
		B73FA4AE2627C36700A0BF58 /* Wave.swift in Sources */ = {isa = PBXBuildFile; fileRef = B73FA4AB2627C36700A0BF58 /* Wave.swift */; };
		B73FA4BA2627C37700A0BF58 /* WaveShape.swift in Sources */ = {isa = PBXBuildFile; fileRef = B73FA4B92627C37700A0BF58 /* WaveShape.swift */; };
		B73FA4BB2627C37700A0BF58 /* WaveShape.swift in Sources */ = {isa = PBXBuildFile; fileRef = B73FA4B92627C37700A0BF58 /* WaveShape.swift */; };
		B74990A7261C698000F1D598 /* BabySoundType.swift in Sources */ = {isa = PBXBuildFile; fileRef = B74990A6261C698000F1D598 /* BabySoundType.swift */; };
		B74990A8261C698000F1D598 /* BabySoundType.swift in Sources */ = {isa = PBXBuildFile; fileRef = B74990A6261C698000F1D598 /* BabySoundType.swift */; };
		B74990A9261C698000F1D598 /* BabySoundType.swift in Sources */ = {isa = PBXBuildFile; fileRef = B74990A6261C698000F1D598 /* BabySoundType.swift */; };
		B74B853D2610492400C196A0 /* AnalysisData.swift in Sources */ = {isa = PBXBuildFile; fileRef = B74B853C2610492400C196A0 /* AnalysisData.swift */; };
		B74B853E2610492400C196A0 /* AnalysisData.swift in Sources */ = {isa = PBXBuildFile; fileRef = B74B853C2610492400C196A0 /* AnalysisData.swift */; };
		B74B853F2610492400C196A0 /* AnalysisData.swift in Sources */ = {isa = PBXBuildFile; fileRef = B74B853C2610492400C196A0 /* AnalysisData.swift */; };
		B74F08EE261E90AC00A58D5A /* TabbarView.swift in Sources */ = {isa = PBXBuildFile; fileRef = B74F08E9261E90AC00A58D5A /* TabbarView.swift */; };
		B74F08F0261E90AC00A58D5A /* TabbarView.swift in Sources */ = {isa = PBXBuildFile; fileRef = B74F08E9261E90AC00A58D5A /* TabbarView.swift */; };
		B74F08F1261E90AC00A58D5A /* TabbarType.swift in Sources */ = {isa = PBXBuildFile; fileRef = B74F08EB261E90AC00A58D5A /* TabbarType.swift */; };
		B74F08F2261E90AC00A58D5A /* TabbarType.swift in Sources */ = {isa = PBXBuildFile; fileRef = B74F08EB261E90AC00A58D5A /* TabbarType.swift */; };
		B74F08F3261E90AC00A58D5A /* TabbarType.swift in Sources */ = {isa = PBXBuildFile; fileRef = B74F08EB261E90AC00A58D5A /* TabbarType.swift */; };
		B74F08F4261E90AC00A58D5A /* TabbarItem.swift in Sources */ = {isa = PBXBuildFile; fileRef = B74F08ED261E90AC00A58D5A /* TabbarItem.swift */; };
		B74F08F5261E90AC00A58D5A /* TabbarItem.swift in Sources */ = {isa = PBXBuildFile; fileRef = B74F08ED261E90AC00A58D5A /* TabbarItem.swift */; };
		B74F08F6261E90AC00A58D5A /* TabbarItem.swift in Sources */ = {isa = PBXBuildFile; fileRef = B74F08ED261E90AC00A58D5A /* TabbarItem.swift */; };
		B74F0903261E90BC00A58D5A /* RecordData.swift in Sources */ = {isa = PBXBuildFile; fileRef = B74F0901261E90BC00A58D5A /* RecordData.swift */; };
		B74F0904261E90BC00A58D5A /* RecordData.swift in Sources */ = {isa = PBXBuildFile; fileRef = B74F0901261E90BC00A58D5A /* RecordData.swift */; };
		B74F0905261E90BC00A58D5A /* RecordData.swift in Sources */ = {isa = PBXBuildFile; fileRef = B74F0901261E90BC00A58D5A /* RecordData.swift */; };
		B74F0906261E90BC00A58D5A /* RecordView.swift in Sources */ = {isa = PBXBuildFile; fileRef = B74F0902261E90BC00A58D5A /* RecordView.swift */; };
		B74F0908261E90BC00A58D5A /* RecordView.swift in Sources */ = {isa = PBXBuildFile; fileRef = B74F0902261E90BC00A58D5A /* RecordView.swift */; };
		B760743F261C0DE200AA3A6F /* SiriWaveData.swift in Sources */ = {isa = PBXBuildFile; fileRef = B7607438261C0DE200AA3A6F /* SiriWaveData.swift */; };
		B7607440261C0DE200AA3A6F /* SiriWaveData.swift in Sources */ = {isa = PBXBuildFile; fileRef = B7607438261C0DE200AA3A6F /* SiriWaveData.swift */; };
		B7607441261C0DE200AA3A6F /* SiriWaveData.swift in Sources */ = {isa = PBXBuildFile; fileRef = B7607438261C0DE200AA3A6F /* SiriWaveData.swift */; };
		B7607442261C0DE200AA3A6F /* SiriCurve.swift in Sources */ = {isa = PBXBuildFile; fileRef = B760743A261C0DE200AA3A6F /* SiriCurve.swift */; };
		B7607443261C0DE200AA3A6F /* SiriCurve.swift in Sources */ = {isa = PBXBuildFile; fileRef = B760743A261C0DE200AA3A6F /* SiriCurve.swift */; };
		B7607444261C0DE200AA3A6F /* SiriCurve.swift in Sources */ = {isa = PBXBuildFile; fileRef = B760743A261C0DE200AA3A6F /* SiriCurve.swift */; };
		B7607445261C0DE200AA3A6F /* SiriWave.swift in Sources */ = {isa = PBXBuildFile; fileRef = B760743B261C0DE200AA3A6F /* SiriWave.swift */; };
		B7607446261C0DE200AA3A6F /* SiriWave.swift in Sources */ = {isa = PBXBuildFile; fileRef = B760743B261C0DE200AA3A6F /* SiriWave.swift */; };
		B7607447261C0DE200AA3A6F /* SiriWave.swift in Sources */ = {isa = PBXBuildFile; fileRef = B760743B261C0DE200AA3A6F /* SiriWave.swift */; };
		B7607448261C0DE200AA3A6F /* SiriWaveView.swift in Sources */ = {isa = PBXBuildFile; fileRef = B760743C261C0DE200AA3A6F /* SiriWaveView.swift */; };
		B760744A261C0DE200AA3A6F /* SiriWaveView.swift in Sources */ = {isa = PBXBuildFile; fileRef = B760743C261C0DE200AA3A6F /* SiriWaveView.swift */; };
		B760744B261C0DE200AA3A6F /* SiriWaveShape.swift in Sources */ = {isa = PBXBuildFile; fileRef = B760743E261C0DE200AA3A6F /* SiriWaveShape.swift */; };
		B760744D261C0DE200AA3A6F /* SiriWaveShape.swift in Sources */ = {isa = PBXBuildFile; fileRef = B760743E261C0DE200AA3A6F /* SiriWaveShape.swift */; };
		B763698F261EDEA400B0111B /* ActivityViewController.swift in Sources */ = {isa = PBXBuildFile; fileRef = B763698E261EDEA400B0111B /* ActivityViewController.swift */; };
		B7636990261EDEA400B0111B /* ActivityViewController.swift in Sources */ = {isa = PBXBuildFile; fileRef = B763698E261EDEA400B0111B /* ActivityViewController.swift */; };
		B7864FA1262516F300D9D9FB /* Localizable.strings in Resources */ = {isa = PBXBuildFile; fileRef = B7864FA5262516F300D9D9FB /* Localizable.strings */; };
		B7864FA2262516F300D9D9FB /* Localizable.strings in Resources */ = {isa = PBXBuildFile; fileRef = B7864FA5262516F300D9D9FB /* Localizable.strings */; };
		B7864FA3262516F300D9D9FB /* Localizable.strings in Resources */ = {isa = PBXBuildFile; fileRef = B7864FA5262516F300D9D9FB /* Localizable.strings */; };
		B7A694512613130E004AE108 /* Logger.swift in Sources */ = {isa = PBXBuildFile; fileRef = B7A6944F2613130E004AE108 /* Logger.swift */; };
		B7A694522613130E004AE108 /* Logger.swift in Sources */ = {isa = PBXBuildFile; fileRef = B7A6944F2613130E004AE108 /* Logger.swift */; };
		B7A694532613130E004AE108 /* Logger.swift in Sources */ = {isa = PBXBuildFile; fileRef = B7A6944F2613130E004AE108 /* Logger.swift */; };
		B7A694542613130E004AE108 /* LogType.swift in Sources */ = {isa = PBXBuildFile; fileRef = B7A694502613130E004AE108 /* LogType.swift */; };
		B7A694552613130E004AE108 /* LogType.swift in Sources */ = {isa = PBXBuildFile; fileRef = B7A694502613130E004AE108 /* LogType.swift */; };
		B7A694562613130E004AE108 /* LogType.swift in Sources */ = {isa = PBXBuildFile; fileRef = B7A694502613130E004AE108 /* LogType.swift */; };
		B7CA67BC2610489200F86C5B /* BabySoundClassifier.mlmodel in Sources */ = {isa = PBXBuildFile; fileRef = B7CA67BB2610489200F86C5B /* BabySoundClassifier.mlmodel */; };
		B7CA67BD2610489200F86C5B /* BabySoundClassifier.mlmodel in Sources */ = {isa = PBXBuildFile; fileRef = B7CA67BB2610489200F86C5B /* BabySoundClassifier.mlmodel */; };
		B7CA67BE2610489200F86C5B /* BabySoundClassifier.mlmodel in Sources */ = {isa = PBXBuildFile; fileRef = B7CA67BB2610489200F86C5B /* BabySoundClassifier.mlmodel */; };
		B7DE97D52624480E0032ED65 /* FramePreferenceKey.swift in Sources */ = {isa = PBXBuildFile; fileRef = B7DE97D42624480E0032ED65 /* FramePreferenceKey.swift */; };
		B7DE97D72624480E0032ED65 /* FramePreferenceKey.swift in Sources */ = {isa = PBXBuildFile; fileRef = B7DE97D42624480E0032ED65 /* FramePreferenceKey.swift */; };
		B7F1A047261021D400845D4E /* BeBeApp.swift in Sources */ = {isa = PBXBuildFile; fileRef = B7F1A046261021D400845D4E /* BeBeApp.swift */; };
		B7F1A049261021D400845D4E /* AnalysisView.swift in Sources */ = {isa = PBXBuildFile; fileRef = B7F1A048261021D400845D4E /* AnalysisView.swift */; };
		B7F1A04B261021D400845D4E /* Assets.xcassets in Resources */ = {isa = PBXBuildFile; fileRef = B7F1A04A261021D400845D4E /* Assets.xcassets */; };
		B7F1A04E261021D400845D4E /* Preview Assets.xcassets in Resources */ = {isa = PBXBuildFile; fileRef = B7F1A04D261021D400845D4E /* Preview Assets.xcassets */; };
		B7F1A059261021D400845D4E /* BeBeTests.swift in Sources */ = {isa = PBXBuildFile; fileRef = B7F1A058261021D400845D4E /* BeBeTests.swift */; };
		B7F1A064261021D400845D4E /* BeBeUITests.swift in Sources */ = {isa = PBXBuildFile; fileRef = B7F1A063261021D400845D4E /* BeBeUITests.swift */; };
		B7F1B85B261DA33D00AE8736 /* AnalysisView.swift in Sources */ = {isa = PBXBuildFile; fileRef = B7F1A048261021D400845D4E /* AnalysisView.swift */; };
/* End PBXBuildFile section */

/* Begin PBXContainerItemProxy section */
		B7F1A055261021D400845D4E /* PBXContainerItemProxy */ = {
			isa = PBXContainerItemProxy;
			containerPortal = B7F1A03B261021D400845D4E /* Project object */;
			proxyType = 1;
			remoteGlobalIDString = B7F1A042261021D400845D4E;
			remoteInfo = BeBe;
		};
		B7F1A060261021D400845D4E /* PBXContainerItemProxy */ = {
			isa = PBXContainerItemProxy;
			containerPortal = B7F1A03B261021D400845D4E /* Project object */;
			proxyType = 1;
			remoteGlobalIDString = B7F1A042261021D400845D4E;
			remoteInfo = BeBe;
		};
/* End PBXContainerItemProxy section */

/* Begin PBXFileReference section */
		B7295743261DD1BD007DC14C /* WaveTextAnimatableModifier.swift */ = {isa = PBXFileReference; lastKnownFileType = sourcecode.swift; path = WaveTextAnimatableModifier.swift; sourceTree = "<group>"; };
		B729577C261DE837007DC14C /* WaveText.swift */ = {isa = PBXFileReference; lastKnownFileType = sourcecode.swift; path = WaveText.swift; sourceTree = "<group>"; };
		B73DD76A2621B20200B130B6 /* ButtonStyle1.swift */ = {isa = PBXFileReference; lastKnownFileType = sourcecode.swift; path = ButtonStyle1.swift; sourceTree = "<group>"; };
		B73FA4942627C35800A0BF58 /* WaveView.swift */ = {isa = PBXFileReference; fileEncoding = 4; lastKnownFileType = sourcecode.swift; path = WaveView.swift; sourceTree = "<group>"; };
		B73FA49D2627C35D00A0BF58 /* WaveData.swift */ = {isa = PBXFileReference; fileEncoding = 4; lastKnownFileType = sourcecode.swift; path = WaveData.swift; sourceTree = "<group>"; };
		B73FA4AB2627C36700A0BF58 /* Wave.swift */ = {isa = PBXFileReference; fileEncoding = 4; lastKnownFileType = sourcecode.swift; path = Wave.swift; sourceTree = "<group>"; };
		B73FA4B92627C37700A0BF58 /* WaveShape.swift */ = {isa = PBXFileReference; fileEncoding = 4; lastKnownFileType = sourcecode.swift; path = WaveShape.swift; sourceTree = "<group>"; };
		B749909D261C543000F1D598 /* SoundAnalysis.framework */ = {isa = PBXFileReference; lastKnownFileType = wrapper.framework; name = SoundAnalysis.framework; path = System/Library/Frameworks/SoundAnalysis.framework; sourceTree = SDKROOT; };
		B74990A6261C698000F1D598 /* BabySoundType.swift */ = {isa = PBXFileReference; lastKnownFileType = sourcecode.swift; path = BabySoundType.swift; sourceTree = "<group>"; };
		B74B853C2610492400C196A0 /* AnalysisData.swift */ = {isa = PBXFileReference; lastKnownFileType = sourcecode.swift; path = AnalysisData.swift; sourceTree = "<group>"; };
		B74F08E9261E90AC00A58D5A /* TabbarView.swift */ = {isa = PBXFileReference; fileEncoding = 4; lastKnownFileType = sourcecode.swift; path = TabbarView.swift; sourceTree = "<group>"; };
		B74F08EB261E90AC00A58D5A /* TabbarType.swift */ = {isa = PBXFileReference; fileEncoding = 4; lastKnownFileType = sourcecode.swift; path = TabbarType.swift; sourceTree = "<group>"; };
		B74F08ED261E90AC00A58D5A /* TabbarItem.swift */ = {isa = PBXFileReference; fileEncoding = 4; lastKnownFileType = sourcecode.swift; path = TabbarItem.swift; sourceTree = "<group>"; };
		B74F0901261E90BC00A58D5A /* RecordData.swift */ = {isa = PBXFileReference; fileEncoding = 4; lastKnownFileType = sourcecode.swift; path = RecordData.swift; sourceTree = "<group>"; };
		B74F0902261E90BC00A58D5A /* RecordView.swift */ = {isa = PBXFileReference; fileEncoding = 4; lastKnownFileType = sourcecode.swift; path = RecordView.swift; sourceTree = "<group>"; };
		B7607438261C0DE200AA3A6F /* SiriWaveData.swift */ = {isa = PBXFileReference; fileEncoding = 4; lastKnownFileType = sourcecode.swift; path = SiriWaveData.swift; sourceTree = "<group>"; };
		B760743A261C0DE200AA3A6F /* SiriCurve.swift */ = {isa = PBXFileReference; fileEncoding = 4; lastKnownFileType = sourcecode.swift; path = SiriCurve.swift; sourceTree = "<group>"; };
		B760743B261C0DE200AA3A6F /* SiriWave.swift */ = {isa = PBXFileReference; fileEncoding = 4; lastKnownFileType = sourcecode.swift; path = SiriWave.swift; sourceTree = "<group>"; };
		B760743C261C0DE200AA3A6F /* SiriWaveView.swift */ = {isa = PBXFileReference; fileEncoding = 4; lastKnownFileType = sourcecode.swift; path = SiriWaveView.swift; sourceTree = "<group>"; };
		B760743E261C0DE200AA3A6F /* SiriWaveShape.swift */ = {isa = PBXFileReference; fileEncoding = 4; lastKnownFileType = sourcecode.swift; path = SiriWaveShape.swift; sourceTree = "<group>"; };
		B763698E261EDEA400B0111B /* ActivityViewController.swift */ = {isa = PBXFileReference; lastKnownFileType = sourcecode.swift; path = ActivityViewController.swift; sourceTree = "<group>"; };
		B7864FA4262516F300D9D9FB /* en */ = {isa = PBXFileReference; lastKnownFileType = text.plist.strings; name = en; path = en.lproj/Localizable.strings; sourceTree = "<group>"; };
		B7864FA9262516F600D9D9FB /* ko */ = {isa = PBXFileReference; lastKnownFileType = text.plist.strings; name = ko; path = ko.lproj/Localizable.strings; sourceTree = "<group>"; };
		B7A6944F2613130E004AE108 /* Logger.swift */ = {isa = PBXFileReference; fileEncoding = 4; lastKnownFileType = sourcecode.swift; path = Logger.swift; sourceTree = "<group>"; };
		B7A694502613130E004AE108 /* LogType.swift */ = {isa = PBXFileReference; fileEncoding = 4; lastKnownFileType = sourcecode.swift; path = LogType.swift; sourceTree = "<group>"; };
		B7CA67BB2610489200F86C5B /* BabySoundClassifier.mlmodel */ = {isa = PBXFileReference; lastKnownFileType = file.mlmodel; name = BabySoundClassifier.mlmodel; path = MachineLearning/BabySoundClassifier.mlmodel; sourceTree = SOURCE_ROOT; };
		B7DE97D42624480E0032ED65 /* FramePreferenceKey.swift */ = {isa = PBXFileReference; lastKnownFileType = sourcecode.swift; path = FramePreferenceKey.swift; sourceTree = "<group>"; };
		B7F1A043261021D400845D4E /* BeBe.app */ = {isa = PBXFileReference; explicitFileType = wrapper.application; includeInIndex = 0; path = BeBe.app; sourceTree = BUILT_PRODUCTS_DIR; };
		B7F1A046261021D400845D4E /* BeBeApp.swift */ = {isa = PBXFileReference; lastKnownFileType = sourcecode.swift; path = BeBeApp.swift; sourceTree = "<group>"; };
		B7F1A048261021D400845D4E /* AnalysisView.swift */ = {isa = PBXFileReference; lastKnownFileType = sourcecode.swift; path = AnalysisView.swift; sourceTree = "<group>"; };
		B7F1A04A261021D400845D4E /* Assets.xcassets */ = {isa = PBXFileReference; lastKnownFileType = folder.assetcatalog; path = Assets.xcassets; sourceTree = "<group>"; };
		B7F1A04D261021D400845D4E /* Preview Assets.xcassets */ = {isa = PBXFileReference; lastKnownFileType = folder.assetcatalog; path = "Preview Assets.xcassets"; sourceTree = "<group>"; };
		B7F1A04F261021D400845D4E /* Info.plist */ = {isa = PBXFileReference; lastKnownFileType = text.plist.xml; path = Info.plist; sourceTree = "<group>"; };
		B7F1A054261021D400845D4E /* BeBeTests.xctest */ = {isa = PBXFileReference; explicitFileType = wrapper.cfbundle; includeInIndex = 0; path = BeBeTests.xctest; sourceTree = BUILT_PRODUCTS_DIR; };
		B7F1A058261021D400845D4E /* BeBeTests.swift */ = {isa = PBXFileReference; lastKnownFileType = sourcecode.swift; path = BeBeTests.swift; sourceTree = "<group>"; };
		B7F1A05A261021D400845D4E /* Info.plist */ = {isa = PBXFileReference; lastKnownFileType = text.plist.xml; path = Info.plist; sourceTree = "<group>"; };
		B7F1A05F261021D400845D4E /* BeBeUITests.xctest */ = {isa = PBXFileReference; explicitFileType = wrapper.cfbundle; includeInIndex = 0; path = BeBeUITests.xctest; sourceTree = BUILT_PRODUCTS_DIR; };
		B7F1A063261021D400845D4E /* BeBeUITests.swift */ = {isa = PBXFileReference; lastKnownFileType = sourcecode.swift; path = BeBeUITests.swift; sourceTree = "<group>"; };
		B7F1A065261021D400845D4E /* Info.plist */ = {isa = PBXFileReference; lastKnownFileType = text.plist.xml; path = Info.plist; sourceTree = "<group>"; };
/* End PBXFileReference section */

/* Begin PBXFrameworksBuildPhase section */
		B7F1A040261021D400845D4E /* Frameworks */ = {
			isa = PBXFrameworksBuildPhase;
			buildActionMask = 2147483647;
			files = (
			);
			runOnlyForDeploymentPostprocessing = 0;
		};
		B7F1A051261021D400845D4E /* Frameworks */ = {
			isa = PBXFrameworksBuildPhase;
			buildActionMask = 2147483647;
			files = (
			);
			runOnlyForDeploymentPostprocessing = 0;
		};
		B7F1A05C261021D400845D4E /* Frameworks */ = {
			isa = PBXFrameworksBuildPhase;
			buildActionMask = 2147483647;
			files = (
			);
			runOnlyForDeploymentPostprocessing = 0;
		};
/* End PBXFrameworksBuildPhase section */

/* Begin PBXGroup section */
		B7295739261DD18A007DC14C /* Text */ = {
			isa = PBXGroup;
			children = (
				B729577C261DE837007DC14C /* WaveText.swift */,
				B7295743261DD1BD007DC14C /* WaveTextAnimatableModifier.swift */,
			);
			path = Text;
			sourceTree = "<group>";
		};
		B73DD7692621B1DE00B130B6 /* Button */ = {
			isa = PBXGroup;
			children = (
				B73DD76A2621B20200B130B6 /* ButtonStyle1.swift */,
			);
			path = Button;
			sourceTree = "<group>";
		};
		B73FA4932627C34A00A0BF58 /* Wave */ = {
			isa = PBXGroup;
			children = (
				B73FA4942627C35800A0BF58 /* WaveView.swift */,
				B73FA49D2627C35D00A0BF58 /* WaveData.swift */,
				B73FA4B52627C36A00A0BF58 /* View */,
				B73FA4A72627C35F00A0BF58 /* Model */,
			);
			path = Wave;
			sourceTree = "<group>";
		};
		B73FA4A72627C35F00A0BF58 /* Model */ = {
			isa = PBXGroup;
			children = (
				B73FA4AB2627C36700A0BF58 /* Wave.swift */,
			);
			path = Model;
			sourceTree = "<group>";
		};
		B73FA4B52627C36A00A0BF58 /* View */ = {
			isa = PBXGroup;
			children = (
				B73FA4B92627C37700A0BF58 /* WaveShape.swift */,
			);
			path = View;
			sourceTree = "<group>";
		};
		B749909C261C543000F1D598 /* Frameworks */ = {
			isa = PBXGroup;
			children = (
				B749909D261C543000F1D598 /* SoundAnalysis.framework */,
			);
			name = Frameworks;
			sourceTree = "<group>";
		};
		B74F08E8261E90AC00A58D5A /* Tabbar */ = {
			isa = PBXGroup;
			children = (
				B74F08E9261E90AC00A58D5A /* TabbarView.swift */,
				B74F08EA261E90AC00A58D5A /* Model */,
				B74F08EC261E90AC00A58D5A /* View */,
			);
			path = Tabbar;
			sourceTree = "<group>";
		};
		B74F08EA261E90AC00A58D5A /* Model */ = {
			isa = PBXGroup;
			children = (
				B74F08EB261E90AC00A58D5A /* TabbarType.swift */,
			);
			path = Model;
			sourceTree = "<group>";
		};
		B74F08EC261E90AC00A58D5A /* View */ = {
			isa = PBXGroup;
			children = (
				B74F08ED261E90AC00A58D5A /* TabbarItem.swift */,
			);
			path = View;
			sourceTree = "<group>";
		};
		B74F0900261E90BC00A58D5A /* Record */ = {
			isa = PBXGroup;
			children = (
				B74F0902261E90BC00A58D5A /* RecordView.swift */,
				B74F0901261E90BC00A58D5A /* RecordData.swift */,
			);
			path = Record;
			sourceTree = "<group>";
		};
		B7607437261C0DE200AA3A6F /* SiriWave */ = {
			isa = PBXGroup;
			children = (
				B760743C261C0DE200AA3A6F /* SiriWaveView.swift */,
				B7607438261C0DE200AA3A6F /* SiriWaveData.swift */,
				B760743D261C0DE200AA3A6F /* View */,
				B7607439261C0DE200AA3A6F /* Model */,
			);
			path = SiriWave;
			sourceTree = "<group>";
		};
		B7607439261C0DE200AA3A6F /* Model */ = {
			isa = PBXGroup;
			children = (
				B760743B261C0DE200AA3A6F /* SiriWave.swift */,
				B760743A261C0DE200AA3A6F /* SiriCurve.swift */,
			);
			path = Model;
			sourceTree = "<group>";
		};
		B760743D261C0DE200AA3A6F /* View */ = {
			isa = PBXGroup;
			children = (
				B760743E261C0DE200AA3A6F /* SiriWaveShape.swift */,
			);
			path = View;
			sourceTree = "<group>";
		};
		B763698D261EDE7C00B0111B /* ActivityView */ = {
			isa = PBXGroup;
			children = (
				B763698E261EDEA400B0111B /* ActivityViewController.swift */,
			);
			path = ActivityView;
			sourceTree = "<group>";
		};
		B7835F5C2612B58E00760062 /* Component */ = {
			isa = PBXGroup;
			children = (
				B7295739261DD18A007DC14C /* Text */,
				B73DD7692621B1DE00B130B6 /* Button */,
				B763698D261EDE7C00B0111B /* ActivityView */,
				B7607437261C0DE200AA3A6F /* SiriWave */,
				B73FA4932627C34A00A0BF58 /* Wave */,
			);
			path = Component;
			sourceTree = "<group>";
		};
		B7A6944D261312F7004AE108 /* Util */ = {
			isa = PBXGroup;
			children = (
				B7DE97D3262447F30032ED65 /* PreferenceKey */,
				B7A6944E2613130E004AE108 /* Logger */,
			);
			path = Util;
			sourceTree = "<group>";
		};
		B7A6944E2613130E004AE108 /* Logger */ = {
			isa = PBXGroup;
			children = (
				B7A6944F2613130E004AE108 /* Logger.swift */,
				B7A694502613130E004AE108 /* LogType.swift */,
			);
			path = Logger;
			sourceTree = "<group>";
		};
		B7CA67B62610484E00F86C5B /* Analysis */ = {
			isa = PBXGroup;
			children = (
				B7F1A048261021D400845D4E /* AnalysisView.swift */,
				B74B853C2610492400C196A0 /* AnalysisData.swift */,
			);
			path = Analysis;
			sourceTree = "<group>";
		};
		B7CA67BA2610486700F86C5B /* MLModel */ = {
			isa = PBXGroup;
			children = (
				B7CA67BB2610489200F86C5B /* BabySoundClassifier.mlmodel */,
				B74990A6261C698000F1D598 /* BabySoundType.swift */,
			);
			path = MLModel;
			sourceTree = "<group>";
		};
		B7DE97D3262447F30032ED65 /* PreferenceKey */ = {
			isa = PBXGroup;
			children = (
				B7DE97D42624480E0032ED65 /* FramePreferenceKey.swift */,
			);
			path = PreferenceKey;
			sourceTree = "<group>";
		};
		B7F1A03A261021D400845D4E = {
			isa = PBXGroup;
			children = (
				B7F1A045261021D400845D4E /* BeBe */,
				B7F1A057261021D400845D4E /* BeBeTests */,
				B7F1A062261021D400845D4E /* BeBeUITests */,
				B7F1A044261021D400845D4E /* Products */,
				B749909C261C543000F1D598 /* Frameworks */,
			);
			sourceTree = "<group>";
		};
		B7F1A044261021D400845D4E /* Products */ = {
			isa = PBXGroup;
			children = (
				B7F1A043261021D400845D4E /* BeBe.app */,
				B7F1A054261021D400845D4E /* BeBeTests.xctest */,
				B7F1A05F261021D400845D4E /* BeBeUITests.xctest */,
			);
			name = Products;
			sourceTree = "<group>";
		};
		B7F1A045261021D400845D4E /* BeBe */ = {
			isa = PBXGroup;
			children = (
				B7F1A046261021D400845D4E /* BeBeApp.swift */,
				B74F08E8261E90AC00A58D5A /* Tabbar */,
				B7CA67B62610484E00F86C5B /* Analysis */,
				B74F0900261E90BC00A58D5A /* Record */,
				B7CA67BA2610486700F86C5B /* MLModel */,
				B7835F5C2612B58E00760062 /* Component */,
				B7A6944D261312F7004AE108 /* Util */,
				B7F1A04A261021D400845D4E /* Assets.xcassets */,
				B7864FA5262516F300D9D9FB /* Localizable.strings */,
				B7F1A04F261021D400845D4E /* Info.plist */,
				B7F1A04C261021D400845D4E /* Preview Content */,
			);
			path = BeBe;
			sourceTree = "<group>";
		};
		B7F1A04C261021D400845D4E /* Preview Content */ = {
			isa = PBXGroup;
			children = (
				B7F1A04D261021D400845D4E /* Preview Assets.xcassets */,
			);
			path = "Preview Content";
			sourceTree = "<group>";
		};
		B7F1A057261021D400845D4E /* BeBeTests */ = {
			isa = PBXGroup;
			children = (
				B7F1A058261021D400845D4E /* BeBeTests.swift */,
				B7F1A05A261021D400845D4E /* Info.plist */,
			);
			path = BeBeTests;
			sourceTree = "<group>";
		};
		B7F1A062261021D400845D4E /* BeBeUITests */ = {
			isa = PBXGroup;
			children = (
				B7F1A063261021D400845D4E /* BeBeUITests.swift */,
				B7F1A065261021D400845D4E /* Info.plist */,
			);
			path = BeBeUITests;
			sourceTree = "<group>";
		};
/* End PBXGroup section */

/* Begin PBXNativeTarget section */
		B7F1A042261021D400845D4E /* BeBe */ = {
			isa = PBXNativeTarget;
			buildConfigurationList = B7F1A068261021D400845D4E /* Build configuration list for PBXNativeTarget "BeBe" */;
			buildPhases = (
				B7F1A03F261021D400845D4E /* Sources */,
				B7F1A040261021D400845D4E /* Frameworks */,
				B7F1A041261021D400845D4E /* Resources */,
			);
			buildRules = (
			);
			dependencies = (
			);
			name = BeBe;
			productName = BeBe;
			productReference = B7F1A043261021D400845D4E /* BeBe.app */;
			productType = "com.apple.product-type.application";
		};
		B7F1A053261021D400845D4E /* BeBeTests */ = {
			isa = PBXNativeTarget;
			buildConfigurationList = B7F1A06B261021D400845D4E /* Build configuration list for PBXNativeTarget "BeBeTests" */;
			buildPhases = (
				B7F1A050261021D400845D4E /* Sources */,
				B7F1A051261021D400845D4E /* Frameworks */,
				B7F1A052261021D400845D4E /* Resources */,
			);
			buildRules = (
			);
			dependencies = (
				B7F1A056261021D400845D4E /* PBXTargetDependency */,
			);
			name = BeBeTests;
			productName = BeBeTests;
			productReference = B7F1A054261021D400845D4E /* BeBeTests.xctest */;
			productType = "com.apple.product-type.bundle.unit-test";
		};
		B7F1A05E261021D400845D4E /* BeBeUITests */ = {
			isa = PBXNativeTarget;
			buildConfigurationList = B7F1A06E261021D400845D4E /* Build configuration list for PBXNativeTarget "BeBeUITests" */;
			buildPhases = (
				B7F1A05B261021D400845D4E /* Sources */,
				B7F1A05C261021D400845D4E /* Frameworks */,
				B7F1A05D261021D400845D4E /* Resources */,
			);
			buildRules = (
			);
			dependencies = (
				B7F1A061261021D400845D4E /* PBXTargetDependency */,
			);
			name = BeBeUITests;
			productName = BeBeUITests;
			productReference = B7F1A05F261021D400845D4E /* BeBeUITests.xctest */;
			productType = "com.apple.product-type.bundle.ui-testing";
		};
/* End PBXNativeTarget section */

/* Begin PBXProject section */
		B7F1A03B261021D400845D4E /* Project object */ = {
			isa = PBXProject;
			attributes = {
				LastSwiftUpdateCheck = 1240;
				LastUpgradeCheck = 1240;
				TargetAttributes = {
					B7F1A042261021D400845D4E = {
						CreatedOnToolsVersion = 12.4;
					};
					B7F1A053261021D400845D4E = {
						CreatedOnToolsVersion = 12.4;
						TestTargetID = B7F1A042261021D400845D4E;
					};
					B7F1A05E261021D400845D4E = {
						CreatedOnToolsVersion = 12.4;
						TestTargetID = B7F1A042261021D400845D4E;
					};
				};
			};
			buildConfigurationList = B7F1A03E261021D400845D4E /* Build configuration list for PBXProject "BeBe" */;
			compatibilityVersion = "Xcode 9.3";
			developmentRegion = en;
			hasScannedForEncodings = 0;
			knownRegions = (
				en,
				Base,
				ko,
			);
			mainGroup = B7F1A03A261021D400845D4E;
			productRefGroup = B7F1A044261021D400845D4E /* Products */;
			projectDirPath = "";
			projectRoot = "";
			targets = (
				B7F1A042261021D400845D4E /* BeBe */,
				B7F1A053261021D400845D4E /* BeBeTests */,
				B7F1A05E261021D400845D4E /* BeBeUITests */,
			);
		};
/* End PBXProject section */

/* Begin PBXResourcesBuildPhase section */
		B7F1A041261021D400845D4E /* Resources */ = {
			isa = PBXResourcesBuildPhase;
			buildActionMask = 2147483647;
			files = (
				B7F1A04E261021D400845D4E /* Preview Assets.xcassets in Resources */,
				B7864FA1262516F300D9D9FB /* Localizable.strings in Resources */,
				B7F1A04B261021D400845D4E /* Assets.xcassets in Resources */,
			);
			runOnlyForDeploymentPostprocessing = 0;
		};
		B7F1A052261021D400845D4E /* Resources */ = {
			isa = PBXResourcesBuildPhase;
			buildActionMask = 2147483647;
			files = (
				B7864FA2262516F300D9D9FB /* Localizable.strings in Resources */,
			);
			runOnlyForDeploymentPostprocessing = 0;
		};
		B7F1A05D261021D400845D4E /* Resources */ = {
			isa = PBXResourcesBuildPhase;
			buildActionMask = 2147483647;
			files = (
				B7864FA3262516F300D9D9FB /* Localizable.strings in Resources */,
			);
			runOnlyForDeploymentPostprocessing = 0;
		};
/* End PBXResourcesBuildPhase section */

/* Begin PBXSourcesBuildPhase section */
		B7F1A03F261021D400845D4E /* Sources */ = {
			isa = PBXSourcesBuildPhase;
			buildActionMask = 2147483647;
			files = (
				B74B853D2610492400C196A0 /* AnalysisData.swift in Sources */,
				B7607448261C0DE200AA3A6F /* SiriWaveView.swift in Sources */,
				B7DE97D52624480E0032ED65 /* FramePreferenceKey.swift in Sources */,
				B74F08F4261E90AC00A58D5A /* TabbarItem.swift in Sources */,
				B763698F261EDEA400B0111B /* ActivityViewController.swift in Sources */,
				B73FA4BA2627C37700A0BF58 /* WaveShape.swift in Sources */,
				B7F1A049261021D400845D4E /* AnalysisView.swift in Sources */,
				B74F08EE261E90AC00A58D5A /* TabbarView.swift in Sources */,
				B760744B261C0DE200AA3A6F /* SiriWaveShape.swift in Sources */,
				B7CA67BC2610489200F86C5B /* BabySoundClassifier.mlmodel in Sources */,
				B7607445261C0DE200AA3A6F /* SiriWave.swift in Sources */,
				B74F0906261E90BC00A58D5A /* RecordView.swift in Sources */,
				B73FA4952627C35800A0BF58 /* WaveView.swift in Sources */,
				B7295744261DD1BD007DC14C /* WaveTextAnimatableModifier.swift in Sources */,
				B73DD76B2621B20200B130B6 /* ButtonStyle1.swift in Sources */,
				B73FA49E2627C35D00A0BF58 /* WaveData.swift in Sources */,
				B7607442261C0DE200AA3A6F /* SiriCurve.swift in Sources */,
				B74F08F1261E90AC00A58D5A /* TabbarType.swift in Sources */,
				B7A694512613130E004AE108 /* Logger.swift in Sources */,
				B7A694542613130E004AE108 /* LogType.swift in Sources */,
				B760743F261C0DE200AA3A6F /* SiriWaveData.swift in Sources */,
				B73FA4AC2627C36700A0BF58 /* Wave.swift in Sources */,
				B7F1A047261021D400845D4E /* BeBeApp.swift in Sources */,
				B74990A7261C698000F1D598 /* BabySoundType.swift in Sources */,
				B74F0903261E90BC00A58D5A /* RecordData.swift in Sources */,
				B729577D261DE837007DC14C /* WaveText.swift in Sources */,
			);
			runOnlyForDeploymentPostprocessing = 0;
		};
		B7F1A050261021D400845D4E /* Sources */ = {
			isa = PBXSourcesBuildPhase;
			buildActionMask = 2147483647;
			files = (
				B7607446261C0DE200AA3A6F /* SiriWave.swift in Sources */,
				B73FA49F2627C35D00A0BF58 /* WaveData.swift in Sources */,
				B7607443261C0DE200AA3A6F /* SiriCurve.swift in Sources */,
				B7607440261C0DE200AA3A6F /* SiriWaveData.swift in Sources */,
				B7F1A059261021D400845D4E /* BeBeTests.swift in Sources */,
				B74F0904261E90BC00A58D5A /* RecordData.swift in Sources */,
				B7CA67BD2610489200F86C5B /* BabySoundClassifier.mlmodel in Sources */,
				B74990A8261C698000F1D598 /* BabySoundType.swift in Sources */,
				B74B853E2610492400C196A0 /* AnalysisData.swift in Sources */,
				B74F08F2261E90AC00A58D5A /* TabbarType.swift in Sources */,
				B7A694522613130E004AE108 /* Logger.swift in Sources */,
				B74F08F5261E90AC00A58D5A /* TabbarItem.swift in Sources */,
				B7A694552613130E004AE108 /* LogType.swift in Sources */,
				B73FA4AD2627C36700A0BF58 /* Wave.swift in Sources */,
			);
			runOnlyForDeploymentPostprocessing = 0;
		};
		B7F1A05B261021D400845D4E /* Sources */ = {
			isa = PBXSourcesBuildPhase;
			buildActionMask = 2147483647;
			files = (
				B7607447261C0DE200AA3A6F /* SiriWave.swift in Sources */,
				B7607444261C0DE200AA3A6F /* SiriCurve.swift in Sources */,
				B7DE97D72624480E0032ED65 /* FramePreferenceKey.swift in Sources */,
				B74F08F6261E90AC00A58D5A /* TabbarItem.swift in Sources */,
				B7636990261EDEA400B0111B /* ActivityViewController.swift in Sources */,
				B73FA4BB2627C37700A0BF58 /* WaveShape.swift in Sources */,
				B7607441261C0DE200AA3A6F /* SiriWaveData.swift in Sources */,
				B74F08F0261E90AC00A58D5A /* TabbarView.swift in Sources */,
				B7A694562613130E004AE108 /* LogType.swift in Sources */,
				B7F1B85B261DA33D00AE8736 /* AnalysisView.swift in Sources */,
				B7F1A064261021D400845D4E /* BeBeUITests.swift in Sources */,
				B74F0908261E90BC00A58D5A /* RecordView.swift in Sources */,
				B73FA4962627C35800A0BF58 /* WaveView.swift in Sources */,
				B7295745261DD1BD007DC14C /* WaveTextAnimatableModifier.swift in Sources */,
				B73DD76C2621B20200B130B6 /* ButtonStyle1.swift in Sources */,
				B73FA4A02627C35D00A0BF58 /* WaveData.swift in Sources */,
				B7CA67BE2610489200F86C5B /* BabySoundClassifier.mlmodel in Sources */,
				B74F08F3261E90AC00A58D5A /* TabbarType.swift in Sources */,
				B760744D261C0DE200AA3A6F /* SiriWaveShape.swift in Sources */,
				B7A694532613130E004AE108 /* Logger.swift in Sources */,
				B760744A261C0DE200AA3A6F /* SiriWaveView.swift in Sources */,
				B73FA4AE2627C36700A0BF58 /* Wave.swift in Sources */,
				B74B853F2610492400C196A0 /* AnalysisData.swift in Sources */,
				B74990A9261C698000F1D598 /* BabySoundType.swift in Sources */,
				B74F0905261E90BC00A58D5A /* RecordData.swift in Sources */,
				B729577E261DE837007DC14C /* WaveText.swift in Sources */,
			);
			runOnlyForDeploymentPostprocessing = 0;
		};
/* End PBXSourcesBuildPhase section */

/* Begin PBXTargetDependency section */
		B7F1A056261021D400845D4E /* PBXTargetDependency */ = {
			isa = PBXTargetDependency;
			target = B7F1A042261021D400845D4E /* BeBe */;
			targetProxy = B7F1A055261021D400845D4E /* PBXContainerItemProxy */;
		};
		B7F1A061261021D400845D4E /* PBXTargetDependency */ = {
			isa = PBXTargetDependency;
			target = B7F1A042261021D400845D4E /* BeBe */;
			targetProxy = B7F1A060261021D400845D4E /* PBXContainerItemProxy */;
		};
/* End PBXTargetDependency section */

/* Begin PBXVariantGroup section */
		B7864FA5262516F300D9D9FB /* Localizable.strings */ = {
			isa = PBXVariantGroup;
			children = (
				B7864FA4262516F300D9D9FB /* en */,
				B7864FA9262516F600D9D9FB /* ko */,
			);
			name = Localizable.strings;
			sourceTree = "<group>";
		};
/* End PBXVariantGroup section */

/* Begin XCBuildConfiguration section */
		B7F1A066261021D400845D4E /* Debug */ = {
			isa = XCBuildConfiguration;
			buildSettings = {
				ALWAYS_SEARCH_USER_PATHS = NO;
				CLANG_ANALYZER_NONNULL = YES;
				CLANG_ANALYZER_NUMBER_OBJECT_CONVERSION = YES_AGGRESSIVE;
				CLANG_CXX_LANGUAGE_STANDARD = "gnu++14";
				CLANG_CXX_LIBRARY = "libc++";
				CLANG_ENABLE_MODULES = YES;
				CLANG_ENABLE_OBJC_ARC = YES;
				CLANG_ENABLE_OBJC_WEAK = YES;
				CLANG_WARN_BLOCK_CAPTURE_AUTORELEASING = YES;
				CLANG_WARN_BOOL_CONVERSION = YES;
				CLANG_WARN_COMMA = YES;
				CLANG_WARN_CONSTANT_CONVERSION = YES;
				CLANG_WARN_DEPRECATED_OBJC_IMPLEMENTATIONS = YES;
				CLANG_WARN_DIRECT_OBJC_ISA_USAGE = YES_ERROR;
				CLANG_WARN_DOCUMENTATION_COMMENTS = YES;
				CLANG_WARN_EMPTY_BODY = YES;
				CLANG_WARN_ENUM_CONVERSION = YES;
				CLANG_WARN_INFINITE_RECURSION = YES;
				CLANG_WARN_INT_CONVERSION = YES;
				CLANG_WARN_NON_LITERAL_NULL_CONVERSION = YES;
				CLANG_WARN_OBJC_IMPLICIT_RETAIN_SELF = YES;
				CLANG_WARN_OBJC_LITERAL_CONVERSION = YES;
				CLANG_WARN_OBJC_ROOT_CLASS = YES_ERROR;
				CLANG_WARN_QUOTED_INCLUDE_IN_FRAMEWORK_HEADER = YES;
				CLANG_WARN_RANGE_LOOP_ANALYSIS = YES;
				CLANG_WARN_STRICT_PROTOTYPES = YES;
				CLANG_WARN_SUSPICIOUS_MOVE = YES;
				CLANG_WARN_UNGUARDED_AVAILABILITY = YES_AGGRESSIVE;
				CLANG_WARN_UNREACHABLE_CODE = YES;
				CLANG_WARN__DUPLICATE_METHOD_MATCH = YES;
				COPY_PHASE_STRIP = NO;
				DEBUG_INFORMATION_FORMAT = dwarf;
				ENABLE_STRICT_OBJC_MSGSEND = YES;
				ENABLE_TESTABILITY = YES;
				GCC_C_LANGUAGE_STANDARD = gnu11;
				GCC_DYNAMIC_NO_PIC = NO;
				GCC_NO_COMMON_BLOCKS = YES;
				GCC_OPTIMIZATION_LEVEL = 0;
				GCC_PREPROCESSOR_DEFINITIONS = (
					"DEBUG=1",
					"$(inherited)",
				);
				GCC_WARN_64_TO_32_BIT_CONVERSION = YES;
				GCC_WARN_ABOUT_RETURN_TYPE = YES_ERROR;
				GCC_WARN_UNDECLARED_SELECTOR = YES;
				GCC_WARN_UNINITIALIZED_AUTOS = YES_AGGRESSIVE;
				GCC_WARN_UNUSED_FUNCTION = YES;
				GCC_WARN_UNUSED_VARIABLE = YES;
				IPHONEOS_DEPLOYMENT_TARGET = 14.4;
				MTL_ENABLE_DEBUG_INFO = INCLUDE_SOURCE;
				MTL_FAST_MATH = YES;
				ONLY_ACTIVE_ARCH = YES;
				SDKROOT = iphoneos;
				SWIFT_ACTIVE_COMPILATION_CONDITIONS = DEBUG;
				SWIFT_OPTIMIZATION_LEVEL = "-Onone";
			};
			name = Debug;
		};
		B7F1A067261021D400845D4E /* Release */ = {
			isa = XCBuildConfiguration;
			buildSettings = {
				ALWAYS_SEARCH_USER_PATHS = NO;
				CLANG_ANALYZER_NONNULL = YES;
				CLANG_ANALYZER_NUMBER_OBJECT_CONVERSION = YES_AGGRESSIVE;
				CLANG_CXX_LANGUAGE_STANDARD = "gnu++14";
				CLANG_CXX_LIBRARY = "libc++";
				CLANG_ENABLE_MODULES = YES;
				CLANG_ENABLE_OBJC_ARC = YES;
				CLANG_ENABLE_OBJC_WEAK = YES;
				CLANG_WARN_BLOCK_CAPTURE_AUTORELEASING = YES;
				CLANG_WARN_BOOL_CONVERSION = YES;
				CLANG_WARN_COMMA = YES;
				CLANG_WARN_CONSTANT_CONVERSION = YES;
				CLANG_WARN_DEPRECATED_OBJC_IMPLEMENTATIONS = YES;
				CLANG_WARN_DIRECT_OBJC_ISA_USAGE = YES_ERROR;
				CLANG_WARN_DOCUMENTATION_COMMENTS = YES;
				CLANG_WARN_EMPTY_BODY = YES;
				CLANG_WARN_ENUM_CONVERSION = YES;
				CLANG_WARN_INFINITE_RECURSION = YES;
				CLANG_WARN_INT_CONVERSION = YES;
				CLANG_WARN_NON_LITERAL_NULL_CONVERSION = YES;
				CLANG_WARN_OBJC_IMPLICIT_RETAIN_SELF = YES;
				CLANG_WARN_OBJC_LITERAL_CONVERSION = YES;
				CLANG_WARN_OBJC_ROOT_CLASS = YES_ERROR;
				CLANG_WARN_QUOTED_INCLUDE_IN_FRAMEWORK_HEADER = YES;
				CLANG_WARN_RANGE_LOOP_ANALYSIS = YES;
				CLANG_WARN_STRICT_PROTOTYPES = YES;
				CLANG_WARN_SUSPICIOUS_MOVE = YES;
				CLANG_WARN_UNGUARDED_AVAILABILITY = YES_AGGRESSIVE;
				CLANG_WARN_UNREACHABLE_CODE = YES;
				CLANG_WARN__DUPLICATE_METHOD_MATCH = YES;
				COPY_PHASE_STRIP = NO;
				DEBUG_INFORMATION_FORMAT = "dwarf-with-dsym";
				ENABLE_NS_ASSERTIONS = NO;
				ENABLE_STRICT_OBJC_MSGSEND = YES;
				GCC_C_LANGUAGE_STANDARD = gnu11;
				GCC_NO_COMMON_BLOCKS = YES;
				GCC_WARN_64_TO_32_BIT_CONVERSION = YES;
				GCC_WARN_ABOUT_RETURN_TYPE = YES_ERROR;
				GCC_WARN_UNDECLARED_SELECTOR = YES;
				GCC_WARN_UNINITIALIZED_AUTOS = YES_AGGRESSIVE;
				GCC_WARN_UNUSED_FUNCTION = YES;
				GCC_WARN_UNUSED_VARIABLE = YES;
				IPHONEOS_DEPLOYMENT_TARGET = 14.4;
				MTL_ENABLE_DEBUG_INFO = NO;
				MTL_FAST_MATH = YES;
				SDKROOT = iphoneos;
				SWIFT_COMPILATION_MODE = wholemodule;
				SWIFT_OPTIMIZATION_LEVEL = "-O";
				VALIDATE_PRODUCT = YES;
			};
			name = Release;
		};
		B7F1A069261021D400845D4E /* Debug */ = {
			isa = XCBuildConfiguration;
			buildSettings = {
				ASSETCATALOG_COMPILER_APPICON_NAME = AppIcon;
				ASSETCATALOG_COMPILER_GLOBAL_ACCENT_COLOR_NAME = AccentColor;
				CODE_SIGN_STYLE = Automatic;
				CURRENT_PROJECT_VERSION = 0;
				DEVELOPMENT_ASSET_PATHS = "\"BeBe/Preview Content\"";
				DEVELOPMENT_TEAM = C75HZNC664;
				ENABLE_PREVIEWS = YES;
				INFOPLIST_FILE = BeBe/Info.plist;
				IPHONEOS_DEPLOYMENT_TARGET = 14.0;
				LD_RUNPATH_SEARCH_PATHS = (
					"$(inherited)",
					"@executable_path/Frameworks",
				);
				MARKETING_VERSION = 1.0.0;
				PRODUCT_BUNDLE_IDENTIFIER = com.nilotic.BeBe;
				PRODUCT_NAME = "$(TARGET_NAME)";
				SWIFT_VERSION = 5.0;
				TARGETED_DEVICE_FAMILY = "1,2";
			};
			name = Debug;
		};
		B7F1A06A261021D400845D4E /* Release */ = {
			isa = XCBuildConfiguration;
			buildSettings = {
				ASSETCATALOG_COMPILER_APPICON_NAME = AppIcon;
				ASSETCATALOG_COMPILER_GLOBAL_ACCENT_COLOR_NAME = AccentColor;
				CODE_SIGN_STYLE = Automatic;
				CURRENT_PROJECT_VERSION = 0;
				DEVELOPMENT_ASSET_PATHS = "\"BeBe/Preview Content\"";
				DEVELOPMENT_TEAM = C75HZNC664;
				ENABLE_PREVIEWS = YES;
				INFOPLIST_FILE = BeBe/Info.plist;
				IPHONEOS_DEPLOYMENT_TARGET = 14.0;
				LD_RUNPATH_SEARCH_PATHS = (
					"$(inherited)",
					"@executable_path/Frameworks",
				);
				MARKETING_VERSION = 1.0.0;
				PRODUCT_BUNDLE_IDENTIFIER = com.nilotic.BeBe;
				PRODUCT_NAME = "$(TARGET_NAME)";
				SWIFT_VERSION = 5.0;
				TARGETED_DEVICE_FAMILY = "1,2";
			};
			name = Release;
		};
		B7F1A06C261021D400845D4E /* Debug */ = {
			isa = XCBuildConfiguration;
			buildSettings = {
				ALWAYS_EMBED_SWIFT_STANDARD_LIBRARIES = YES;
				BUNDLE_LOADER = "$(TEST_HOST)";
				CODE_SIGN_STYLE = Automatic;
				DEVELOPMENT_TEAM = C75HZNC664;
				INFOPLIST_FILE = BeBeTests/Info.plist;
				IPHONEOS_DEPLOYMENT_TARGET = 14.0;
				LD_RUNPATH_SEARCH_PATHS = (
					"$(inherited)",
					"@executable_path/Frameworks",
					"@loader_path/Frameworks",
				);
				PRODUCT_BUNDLE_IDENTIFIER = com.nilotic.BeBeTests;
				PRODUCT_NAME = "$(TARGET_NAME)";
				SWIFT_VERSION = 5.0;
				TARGETED_DEVICE_FAMILY = "1,2";
				TEST_HOST = "$(BUILT_PRODUCTS_DIR)/BeBe.app/BeBe";
			};
			name = Debug;
		};
		B7F1A06D261021D400845D4E /* Release */ = {
			isa = XCBuildConfiguration;
			buildSettings = {
				ALWAYS_EMBED_SWIFT_STANDARD_LIBRARIES = YES;
				BUNDLE_LOADER = "$(TEST_HOST)";
				CODE_SIGN_STYLE = Automatic;
				DEVELOPMENT_TEAM = C75HZNC664;
				INFOPLIST_FILE = BeBeTests/Info.plist;
				IPHONEOS_DEPLOYMENT_TARGET = 14.0;
				LD_RUNPATH_SEARCH_PATHS = (
					"$(inherited)",
					"@executable_path/Frameworks",
					"@loader_path/Frameworks",
				);
				PRODUCT_BUNDLE_IDENTIFIER = com.nilotic.BeBeTests;
				PRODUCT_NAME = "$(TARGET_NAME)";
				SWIFT_VERSION = 5.0;
				TARGETED_DEVICE_FAMILY = "1,2";
				TEST_HOST = "$(BUILT_PRODUCTS_DIR)/BeBe.app/BeBe";
			};
			name = Release;
		};
		B7F1A06F261021D400845D4E /* Debug */ = {
			isa = XCBuildConfiguration;
			buildSettings = {
				ALWAYS_EMBED_SWIFT_STANDARD_LIBRARIES = YES;
				CODE_SIGN_STYLE = Automatic;
				DEVELOPMENT_TEAM = C75HZNC664;
				INFOPLIST_FILE = BeBeUITests/Info.plist;
				LD_RUNPATH_SEARCH_PATHS = (
					"$(inherited)",
					"@executable_path/Frameworks",
					"@loader_path/Frameworks",
				);
				PRODUCT_BUNDLE_IDENTIFIER = com.nilotic.BeBeUITests;
				PRODUCT_NAME = "$(TARGET_NAME)";
				SWIFT_VERSION = 5.0;
				TARGETED_DEVICE_FAMILY = "1,2";
				TEST_TARGET_NAME = BeBe;
			};
			name = Debug;
		};
		B7F1A070261021D400845D4E /* Release */ = {
			isa = XCBuildConfiguration;
			buildSettings = {
				ALWAYS_EMBED_SWIFT_STANDARD_LIBRARIES = YES;
				CODE_SIGN_STYLE = Automatic;
				DEVELOPMENT_TEAM = C75HZNC664;
				INFOPLIST_FILE = BeBeUITests/Info.plist;
				LD_RUNPATH_SEARCH_PATHS = (
					"$(inherited)",
					"@executable_path/Frameworks",
					"@loader_path/Frameworks",
				);
				PRODUCT_BUNDLE_IDENTIFIER = com.nilotic.BeBeUITests;
				PRODUCT_NAME = "$(TARGET_NAME)";
				SWIFT_VERSION = 5.0;
				TARGETED_DEVICE_FAMILY = "1,2";
				TEST_TARGET_NAME = BeBe;
			};
			name = Release;
		};
/* End XCBuildConfiguration section */

/* Begin XCConfigurationList section */
		B7F1A03E261021D400845D4E /* Build configuration list for PBXProject "BeBe" */ = {
			isa = XCConfigurationList;
			buildConfigurations = (
				B7F1A066261021D400845D4E /* Debug */,
				B7F1A067261021D400845D4E /* Release */,
			);
			defaultConfigurationIsVisible = 0;
			defaultConfigurationName = Release;
		};
		B7F1A068261021D400845D4E /* Build configuration list for PBXNativeTarget "BeBe" */ = {
			isa = XCConfigurationList;
			buildConfigurations = (
				B7F1A069261021D400845D4E /* Debug */,
				B7F1A06A261021D400845D4E /* Release */,
			);
			defaultConfigurationIsVisible = 0;
			defaultConfigurationName = Release;
		};
		B7F1A06B261021D400845D4E /* Build configuration list for PBXNativeTarget "BeBeTests" */ = {
			isa = XCConfigurationList;
			buildConfigurations = (
				B7F1A06C261021D400845D4E /* Debug */,
				B7F1A06D261021D400845D4E /* Release */,
			);
			defaultConfigurationIsVisible = 0;
			defaultConfigurationName = Release;
		};
		B7F1A06E261021D400845D4E /* Build configuration list for PBXNativeTarget "BeBeUITests" */ = {
			isa = XCConfigurationList;
			buildConfigurations = (
				B7F1A06F261021D400845D4E /* Debug */,
				B7F1A070261021D400845D4E /* Release */,
			);
			defaultConfigurationIsVisible = 0;
			defaultConfigurationName = Release;
		};
/* End XCConfigurationList section */
	};
	rootObject = B7F1A03B261021D400845D4E /* Project object */;
}
